# This file is autogenerated, do not edit; changes may be undone by the next 'dep ensure'.


[[projects]]
  branch = "master"
  digest = "1:96e0e3eaae6702ee54047e4f6ed8ea1126fd19d41102093b9f634ea1012fa368"
  name = "golang.org/x/sys"
  packages = [
    "internal/unsafeheader",
    "unix",
  ]
  pruneopts = "UT"
  revision = "708e7fb298acb681b049dc66adab734a0a78a528"

[solve-meta]
  analyzer-name = "dep"
  analyzer-version = 1
  input-imports = ["golang.org/x/sys/unix"]
  solver-name = "gps-cdcl"
  solver-version = 1
